// !$*UTF8*$!
{
	archiveVersion = 1;
	classes = {
	};
	objectVersion = 71;
	objects = {

/* Begin PBXFileReference section */
		A10000000000000000000003 /* PaperRss.app */ = {isa = PBXFileReference; explicitFileType = wrapper.application; includeInIndex = 0; path = PaperRss.app; sourceTree = BUILT_PRODUCTS_DIR; };
		A10000000000000000000004 /* PaperRss.app */ = {isa = PBXFileReference; explicitFileType = wrapper.application; includeInIndex = 0; path = PaperRss.app; sourceTree = BUILT_PRODUCTS_DIR; };
/* End PBXFileReference section */

/* Begin PBXFileSystemSynchronizedBuildFileExceptionSet section */
		A10000000000000000000022 /* PBXFileSystemSynchronizedBuildFileExceptionSet */ = {
			isa = PBXFileSystemSynchronizedBuildFileExceptionSet;
			membershipExceptions = (
				"Resources/iOS-Info.plist",
				"Resources/macOS-Info.plist",
			);
			target = A1000000000000000000000C /* PaperRss */;
		};
		A10000000000000000000023 /* PBXFileSystemSynchronizedBuildFileExceptionSet */ = {
			isa = PBXFileSystemSynchronizedBuildFileExceptionSet;
			membershipExceptions = (
				"Resources/iOS-Info.plist",
				"Resources/macOS-Info.plist",
			);
			target = A1000000000000000000000D /* PaperRss iOS */;
		};
/* End PBXFileSystemSynchronizedBuildFileExceptionSet section */

/* Begin PBXFileSystemSynchronizedRootGroup section */
		A10000000000000000000001 /* PaperRss */ = {isa = PBXFileSystemSynchronizedRootGroup; exceptions = (A10000000000000000000022 /* PBXFileSystemSynchronizedBuildFileExceptionSet */, A10000000000000000000023 /* PBXFileSystemSynchronizedBuildFileExceptionSet */, ); explicitFileTypes = {}; explicitFolders = (); path = PaperRss; sourceTree = "<group>"; };
/* End PBXFileSystemSynchronizedRootGroup section */

/* Begin PBXFrameworksBuildPhase section */
		A10000000000000000000006 /* Frameworks */ = {
			isa = PBXFrameworksBuildPhase;
			buildActionMask = 2147483647;
			files = (
			);
			runOnlyForDeploymentPostprocessing = 0;
		};
		A10000000000000000000009 /* Frameworks */ = {
			isa = PBXFrameworksBuildPhase;
			buildActionMask = 2147483647;
			files = (
			);
			runOnlyForDeploymentPostprocessing = 0;
		};
/* End PBXFrameworksBuildPhase section */

/* Begin PBXGroup section */
		A10000000000000000000002 /* Products */ = {
			isa = PBXGroup;
			children = (
				A10000000000000000000003 /* PaperRss.app */,
				A10000000000000000000004 /* PaperRss.app */,
			);
			name = Products;
			sourceTree = "<group>";
		};
		A10000000000000000000005 = {
			isa = PBXGroup;
			children = (
				A10000000000000000000001 /* PaperRss */,
				A10000000000000000000002 /* Products */,
			);
			sourceTree = "<group>";
		};
/* End PBXGroup section */

/* Begin PBXNativeTarget section */
		A1000000000000000000000C /* PaperRss */ = {
			isa = PBXNativeTarget;
			buildConfigurationList = A10000000000000000000020 /* Build configuration list for PBXNativeTarget "PaperRss" */;
			buildPhases = (
				A10000000000000000000007 /* Sources */,
				A10000000000000000000006 /* Frameworks */,
				A10000000000000000000008 /* Resources */,
			);
			buildRules = (
			);
			dependencies = (
			);
			fileSystemSynchronizedGroups = (
				A10000000000000000000001 /* PaperRss */,
			);
			name = PaperRss;
			productName = PaperRss;
			productReference = A10000000000000000000003 /* PaperRss.app */;
			productType = "com.apple.product-type.application";
		};
		A1000000000000000000000D /* PaperRss iOS */ = {
			isa = PBXNativeTarget;
			buildConfigurationList = A10000000000000000000021 /* Build configuration list for PBXNativeTarget "PaperRss iOS" */;
			buildPhases = (
				A1000000000000000000000A /* Sources */,
				A10000000000000000000009 /* Frameworks */,
				A1000000000000000000000B /* Resources */,
			);
			buildRules = (
			);
			dependencies = (
			);
			fileSystemSynchronizedGroups = (
				A10000000000000000000001 /* PaperRss */,
			);
			name = "PaperRss iOS";
			productName = PaperRss;
			productReference = A10000000000000000000004 /* PaperRss.app */;
			productType = "com.apple.product-type.application";
		};
/* End PBXNativeTarget section */

/* Begin PBXProject section */
		A1000000000000000000000E /* Project object */ = {
			isa = PBXProject;
			attributes = {
				LastSwiftUpdateCheck = 2660;
				LastUpgradeCheck = 2660;
				TargetAttributes = {
					A1000000000000000000000C = {
						CreatedOnToolsVersion = 26.6;
					};
					A1000000000000000000000D = {
						CreatedOnToolsVersion = 26.6;
					};
				};
			};
			buildConfigurationList = A1000000000000000000001F /* Build configuration list for PBXProject "PaperRss" */;
			compatibilityVersion = "Xcode 16.0";
			developmentRegion = en;
			hasScannedForEncodings = 0;
			knownRegions = (
				en,
				Base,
				"zh-Hans",
			);
			mainGroup = A10000000000000000000005;
			productRefGroup = A10000000000000000000002 /* Products */;
			projectDirPath = "";
			projectRoot = "";
			targets = (
				A1000000000000000000000C /* PaperRss */,
				A1000000000000000000000D /* PaperRss iOS */,
			);
		};
/* End PBXProject section */

/* Begin PBXResourcesBuildPhase section */
		A10000000000000000000008 /* Resources */ = {
			isa = PBXResourcesBuildPhase;
			buildActionMask = 2147483647;
			files = (
			);
			runOnlyForDeploymentPostprocessing = 0;
		};
		A1000000000000000000000B /* Resources */ = {
			isa = PBXResourcesBuildPhase;
			buildActionMask = 2147483647;
			files = (
			);
			runOnlyForDeploymentPostprocessing = 0;
		};
/* End PBXResourcesBuildPhase section */

/* Begin PBXSourcesBuildPhase section */
		A10000000000000000000007 /* Sources */ = {
			isa = PBXSourcesBuildPhase;
			buildActionMask = 2147483647;
			files = (
			);
			runOnlyForDeploymentPostprocessing = 0;
		};
		A1000000000000000000000A /* Sources */ = {
			isa = PBXSourcesBuildPhase;
			buildActionMask = 2147483647;
			files = (
			);
			runOnlyForDeploymentPostprocessing = 0;
		};
/* End PBXSourcesBuildPhase section */

/* Begin XCBuildConfiguration section */
		A10000000000000000000010 /* Debug */ = {
			isa = XCBuildConfiguration;
			buildSettings = {
				CLANG_ENABLE_MODULES = YES;
				SWIFT_VERSION = 6.0;
			};
			name = Debug;
		};
		A10000000000000000000011 /* Release */ = {
			isa = XCBuildConfiguration;
			buildSettings = {
				CLANG_ENABLE_MODULES = YES;
				SWIFT_VERSION = 6.0;
			};
			name = Release;
		};
		A10000000000000000000012 /* Debug */ = {
			isa = XCBuildConfiguration;
			buildSettings = {
				ASSETCATALOG_COMPILER_APPICON_NAME = AppIcon;
				ASSETCATALOG_COMPILER_GLOBAL_ACCENT_COLOR_NAME = AccentColor;
				"CODE_SIGN_IDENTITY[sdk=macosx*]" = "Apple Development";
				CODE_SIGN_STYLE = Automatic;
				CURRENT_PROJECT_VERSION = 2;
				DEVELOPMENT_TEAM = LGKLTGNTY2;
				GENERATE_INFOPLIST_FILE = YES;
				INFOPLIST_FILE = "PaperRss/Resources/macOS-Info.plist";
				INFOPLIST_KEY_CFBundleDisplayName = PaperRss;
				INFOPLIST_KEY_LSApplicationCategoryType = "public.app-category.news";
				MACOSX_DEPLOYMENT_TARGET = 14.0;
				MARKETING_VERSION = 1.0.0;
				PRODUCT_BUNDLE_IDENTIFIER = com.yangbukun.PaperRss;
				PRODUCT_NAME = "$(TARGET_NAME)";
				SDKROOT = macosx;
				SWIFT_STRICT_CONCURRENCY = complete;
			};
			name = Debug;
		};
		A10000000000000000000013 /* Release */ = {
			isa = XCBuildConfiguration;
			buildSettings = {
				ASSETCATALOG_COMPILER_APPICON_NAME = AppIcon;
				ASSETCATALOG_COMPILER_GLOBAL_ACCENT_COLOR_NAME = AccentColor;
				"CODE_SIGN_IDENTITY[sdk=macosx*]" = "Apple Development";
				CODE_SIGN_STYLE = Automatic;
				CURRENT_PROJECT_VERSION = 2;
				DEVELOPMENT_TEAM = LGKLTGNTY2;
				GENERATE_INFOPLIST_FILE = YES;
				INFOPLIST_FILE = "PaperRss/Resources/macOS-Info.plist";
				INFOPLIST_KEY_CFBundleDisplayName = PaperRss;
				INFOPLIST_KEY_LSApplicationCategoryType = "public.app-category.news";
				MACOSX_DEPLOYMENT_TARGET = 14.0;
				MARKETING_VERSION = 1.0.0;
				PRODUCT_BUNDLE_IDENTIFIER = com.yangbukun.PaperRss;
				PRODUCT_NAME = "$(TARGET_NAME)";
				SDKROOT = macosx;
				SWIFT_STRICT_CONCURRENCY = complete;
			};
			name = Release;
		};
		A10000000000000000000014 /* Debug */ = {
			isa = XCBuildConfiguration;
			buildSettings = {
				ASSETCATALOG_COMPILER_APPICON_NAME = AppIcon;
				ASSETCATALOG_COMPILER_GLOBAL_ACCENT_COLOR_NAME = AccentColor;
				CODE_SIGN_STYLE = Automatic;
				CURRENT_PROJECT_VERSION = 2;
				DEVELOPMENT_TEAM = "";
				INFOPLIST_FILE = "PaperRss/Resources/iOS-Info.plist";
				IPHONEOS_DEPLOYMENT_TARGET = 17.0;
				MARKETING_VERSION = 1.0.0;
				PRODUCT_BUNDLE_IDENTIFIER = com.yangbukun.PaperRss;
				PRODUCT_NAME = PaperRss;
				SDKROOT = iphoneos;
				SWIFT_STRICT_CONCURRENCY = complete;
				TARGETED_DEVICE_FAMILY = "1,2";
			};
			name = Debug;
		};
		A10000000000000000000015 /* Release */ = {
			isa = XCBuildConfiguration;
			buildSettings = {
				ASSETCATALOG_COMPILER_APPICON_NAME = AppIcon;
				ASSETCATALOG_COMPILER_GLOBAL_ACCENT_COLOR_NAME = AccentColor;
				CODE_SIGN_STYLE = Automatic;
				CURRENT_PROJECT_VERSION = 2;
				DEVELOPMENT_TEAM = "";
				INFOPLIST_FILE = "PaperRss/Resources/iOS-Info.plist";
				IPHONEOS_DEPLOYMENT_TARGET = 17.0;
				MARKETING_VERSION = 1.0.0;
				PRODUCT_BUNDLE_IDENTIFIER = com.yangbukun.PaperRss;
				PRODUCT_NAME = PaperRss;
				SDKROOT = iphoneos;
				SWIFT_STRICT_CONCURRENCY = complete;
				TARGETED_DEVICE_FAMILY = "1,2";
			};
			name = Release;
		};
/* End XCBuildConfiguration section */

/* Begin XCConfigurationList section */
		A1000000000000000000001F /* Build configuration list for PBXProject "PaperRss" */ = {
			isa = XCConfigurationList;
			buildConfigurations = (
				A10000000000000000000010 /* Debug */,
				A10000000000000000000011 /* Release */,
			);
			defaultConfigurationIsVisible = 0;
			defaultConfigurationName = Release;
		};
		A10000000000000000000020 /* Build configuration list for PBXNativeTarget "PaperRss" */ = {
			isa = XCConfigurationList;
			buildConfigurations = (
				A10000000000000000000012 /* Debug */,
				A10000000000000000000013 /* Release */,
			);
			defaultConfigurationIsVisible = 0;
			defaultConfigurationName = Release;
		};
		A10000000000000000000021 /* Build configuration list for PBXNativeTarget "PaperRss iOS" */ = {
			isa = XCConfigurationList;
			buildConfigurations = (
				A10000000000000000000014 /* Debug */,
				A10000000000000000000015 /* Release */,
			);
			defaultConfigurationIsVisible = 0;
			defaultConfigurationName = Release;
		};
/* End XCConfigurationList section */
	};
	rootObject = A1000000000000000000000E /* Project object */;
}
